{
  "name": "demo-git-worktree",
  "version": "1.0.0",
  "lockfileVersion": 3,
  "requires": true,
  "packages": {
    "": {
      "name": "demo-git-worktree",
      "version": "1.0.0",
      "license": "ISC",
      "dependencies": {
        "es-toolkit": "^1.15.1"
      }
    },
    "node_modules/es-toolkit": {
      "version": "1.15.1",
      "resolved": "https://registry.npmjs.org/es-toolkit/-/es-toolkit-1.15.1.tgz",
      "integrity": "sha512-2rPCylgxxpgZ3jQLyvbm+B9dNAMdHv4S80iabK9njEWxDbObhAPJCQUpqHv8iaOZrfprl3UlWhfxZd7kKSQtbg=="
    }
  }
}
